
Microsoft Visual Studio Solution File, Format Version 12.00
# Visual Studio Version 17
VisualStudioVersion = 17.8.34322.80
MinimumVisualStudioVersion = 10.0.40219.1
Project("{9A19103F-16F7-4668-BE54-9A1E7A4F7556}") = "OnlineSchool", "OnlineSchool\OnlineSchool.csproj", "{7B490C61-73D1-489C-B7BF-62D0408E9316}"
EndProject
Global
	GlobalSection(SolutionConfigurationPlatforms) = preSolution
		Debug|Any CPU = Debug|Any CPU
		Release|Any CPU = Release|Any CPU
	EndGlobalSection
	GlobalSection(ProjectConfigurationPlatforms) = postSolution
		{7B490C61-73D1-489C-B7BF-62D0408E9316}.Debug|Any CPU.ActiveCfg = Debug|Any CPU
		{7B490C61-73D1-489C-B7BF-62D0408E9316}.Debug|Any CPU.Build.0 = Debug|Any CPU
		{7B490C61-73D1-489C-B7BF-62D0408E9316}.Release|Any CPU.ActiveCfg = Release|Any CPU
		{7B490C61-73D1-489C-B7BF-62D0408E9316}.Release|Any CPU.Build.0 = Release|Any CPU
	EndGlobalSection
	GlobalSection(SolutionProperties) = preSolution
		HideSolutionNode = FALSE
	EndGlobalSection
	GlobalSection(ExtensibilityGlobals) = postSolution
		SolutionGuid = {F0D247F9-4202-4FF4-B306-6AAF2B0CB396}
	EndGlobalSection
EndGlobal
